// !$*UTF8*$!
{
	archiveVersion = 1;
	classes = {
	};
	objectVersion = 48;
	objects = {

/* Begin PBXBuildFile section */
		E107743F1F3DE70F0047863A /* AllCheckinsListController.swift in Sources */ = {isa = PBXBuildFile; fileRef = E107743E1F3DE70F0047863A /* AllCheckinsListController.swift */; };
		E10774411F3DE9440047863A /* CheckinListController.swift in Sources */ = {isa = PBXBuildFile; fileRef = E10774401F3DE9440047863A /* CheckinListController.swift */; };
		E10774481F3DF9A10047863A /* TripCheckinsListController.swift in Sources */ = {isa = PBXBuildFile; fileRef = E10774471F3DF9A10047863A /* TripCheckinsListController.swift */; };
		E107744B1F3E00710047863A /* CheckinService.swift in Sources */ = {isa = PBXBuildFile; fileRef = E107744A1F3E00710047863A /* CheckinService.swift */; };
		E107744F1F3E04930047863A /* TripService.swift in Sources */ = {isa = PBXBuildFile; fileRef = E107744E1F3E04930047863A /* TripService.swift */; };
		E10774F91F40CF360047863A /* CheckinItem.swift in Sources */ = {isa = PBXBuildFile; fileRef = E10774F81F40CF350047863A /* CheckinItem.swift */; };
		E10774FB1F40CF7F0047863A /* Trip.swift in Sources */ = {isa = PBXBuildFile; fileRef = E10774FA1F40CF7F0047863A /* Trip.swift */; };
		E10774FD1F40CFF70047863A /* PredefinedTripService.swift in Sources */ = {isa = PBXBuildFile; fileRef = E10774FC1F40CFF70047863A /* PredefinedTripService.swift */; };
		E10775031F419DA30047863A /* AllCheckinsListControllerTests.swift in Sources */ = {isa = PBXBuildFile; fileRef = E10775021F419DA30047863A /* AllCheckinsListControllerTests.swift */; };
		E120F9681F41AB5200CE33E0 /* TripCheckinsListControllerTests.swift in Sources */ = {isa = PBXBuildFile; fileRef = E120F9671F41AB5200CE33E0 /* TripCheckinsListControllerTests.swift */; };
		E156EC531F39EB8A006AF828 /* FSOAuth.m in Sources */ = {isa = PBXBuildFile; fileRef = E156EC511F39EB8A006AF828 /* FSOAuth.m */; };
		E156EC551F39ECA3006AF828 /* FoursquareAuthorizer.swift in Sources */ = {isa = PBXBuildFile; fileRef = E156EC541F39ECA3006AF828 /* FoursquareAuthorizer.swift */; };
		E156EC571F39F486006AF828 /* AppCoordinator.swift in Sources */ = {isa = PBXBuildFile; fileRef = E156EC561F39F486006AF828 /* AppCoordinator.swift */; };
		E16ED3621F39DB0500963177 /* AppDelegate.swift in Sources */ = {isa = PBXBuildFile; fileRef = E16ED3611F39DB0500963177 /* AppDelegate.swift */; };
		E16ED3641F39DB0500963177 /* FoursquareAuthorizationViewController.swift in Sources */ = {isa = PBXBuildFile; fileRef = E16ED3631F39DB0500963177 /* FoursquareAuthorizationViewController.swift */; };
		E16ED3691F39DB0500963177 /* Assets.xcassets in Resources */ = {isa = PBXBuildFile; fileRef = E16ED3681F39DB0500963177 /* Assets.xcassets */; };
		E16ED36C1F39DB0500963177 /* LaunchScreen.storyboard in Resources */ = {isa = PBXBuildFile; fileRef = E16ED36A1F39DB0500963177 /* LaunchScreen.storyboard */; };
		E16ED3771F39DB0600963177 /* FoursquareCheckinItemParserTests.swift in Sources */ = {isa = PBXBuildFile; fileRef = E16ED3761F39DB0600963177 /* FoursquareCheckinItemParserTests.swift */; };
		E1D528F11F39FF87000D52C1 /* FoursquareCheckinFetcher.swift in Sources */ = {isa = PBXBuildFile; fileRef = E1D528F01F39FF87000D52C1 /* FoursquareCheckinFetcher.swift */; };
		E1D528F31F3A04B1000D52C1 /* AuthorizationTokenKeeper.swift in Sources */ = {isa = PBXBuildFile; fileRef = E1D528F21F3A04B1000D52C1 /* AuthorizationTokenKeeper.swift */; };
		E1D528F51F3A0651000D52C1 /* UserDefaults+AuthorizationTokenKeeper.swift in Sources */ = {isa = PBXBuildFile; fileRef = E1D528F41F3A0651000D52C1 /* UserDefaults+AuthorizationTokenKeeper.swift */; };
		E1D528FA1F3AF599000D52C1 /* CheckinListViewController.swift in Sources */ = {isa = PBXBuildFile; fileRef = E1D528F91F3AF599000D52C1 /* CheckinListViewController.swift */; };
		E1D528FC1F3AF684000D52C1 /* FoursquareCheckinService.swift in Sources */ = {isa = PBXBuildFile; fileRef = E1D528FB1F3AF684000D52C1 /* FoursquareCheckinService.swift */; };
		E1D528FE1F3AFDF1000D52C1 /* CheckinTableViewCell.swift in Sources */ = {isa = PBXBuildFile; fileRef = E1D528FD1F3AFDF1000D52C1 /* CheckinTableViewCell.swift */; };
		E1D529001F3B023A000D52C1 /* CompactCheckinTableViewCell.xib in Resources */ = {isa = PBXBuildFile; fileRef = E1D528FF1F3B023A000D52C1 /* CompactCheckinTableViewCell.xib */; };
		E1D529021F3B81E0000D52C1 /* FoursquareCheckinItemParser.swift in Sources */ = {isa = PBXBuildFile; fileRef = E1D529011F3B81DF000D52C1 /* FoursquareCheckinItemParser.swift */; };
		E1D529041F3B96D8000D52C1 /* FoursquareCheckinServiceTests.swift in Sources */ = {isa = PBXBuildFile; fileRef = E1D529031F3B96D8000D52C1 /* FoursquareCheckinServiceTests.swift */; };
		E1D529071F3BAA7C000D52C1 /* CheckinListItemViewModel.swift in Sources */ = {isa = PBXBuildFile; fileRef = E1D529061F3BAA7C000D52C1 /* CheckinListItemViewModel.swift */; };
		E1D529091F3BB28E000D52C1 /* FoursquareEndpointConstructorTests.swift in Sources */ = {isa = PBXBuildFile; fileRef = E1D529081F3BB28E000D52C1 /* FoursquareEndpointConstructorTests.swift */; };
		E1D5290B1F3BBA74000D52C1 /* CheckinListViewModel.swift in Sources */ = {isa = PBXBuildFile; fileRef = E1D5290A1F3BBA74000D52C1 /* CheckinListViewModel.swift */; };
/* End PBXBuildFile section */

/* Begin PBXContainerItemProxy section */
		E16ED3731F39DB0600963177 /* PBXContainerItemProxy */ = {
			isa = PBXContainerItemProxy;
			containerPortal = E16ED3561F39DB0500963177 /* Project object */;
			proxyType = 1;
			remoteGlobalIDString = E16ED35D1F39DB0500963177;
			remoteInfo = TripCheckins;
		};
		E16ED37E1F39DB0600963177 /* PBXContainerItemProxy */ = {
			isa = PBXContainerItemProxy;
			containerPortal = E16ED3561F39DB0500963177 /* Project object */;
			proxyType = 1;
			remoteGlobalIDString = E16ED35D1F39DB0500963177;
			remoteInfo = TripCheckins;
		};
/* End PBXContainerItemProxy section */

/* Begin PBXFileReference section */
		E107743E1F3DE70F0047863A /* AllCheckinsListController.swift */ = {isa = PBXFileReference; lastKnownFileType = sourcecode.swift; path = AllCheckinsListController.swift; sourceTree = "<group>"; };
		E10774401F3DE9440047863A /* CheckinListController.swift */ = {isa = PBXFileReference; lastKnownFileType = sourcecode.swift; path = CheckinListController.swift; sourceTree = "<group>"; };
		E10774471F3DF9A10047863A /* TripCheckinsListController.swift */ = {isa = PBXFileReference; lastKnownFileType = sourcecode.swift; path = TripCheckinsListController.swift; sourceTree = "<group>"; };
		E107744A1F3E00710047863A /* CheckinService.swift */ = {isa = PBXFileReference; lastKnownFileType = sourcecode.swift; path = CheckinService.swift; sourceTree = "<group>"; };
		E107744E1F3E04930047863A /* TripService.swift */ = {isa = PBXFileReference; lastKnownFileType = sourcecode.swift; path = TripService.swift; sourceTree = "<group>"; };
		E10774F81F40CF350047863A /* CheckinItem.swift */ = {isa = PBXFileReference; lastKnownFileType = sourcecode.swift; path = CheckinItem.swift; sourceTree = "<group>"; };
		E10774FA1F40CF7F0047863A /* Trip.swift */ = {isa = PBXFileReference; lastKnownFileType = sourcecode.swift; path = Trip.swift; sourceTree = "<group>"; };
		E10774FC1F40CFF70047863A /* PredefinedTripService.swift */ = {isa = PBXFileReference; lastKnownFileType = sourcecode.swift; path = PredefinedTripService.swift; sourceTree = "<group>"; };
		E10775021F419DA30047863A /* AllCheckinsListControllerTests.swift */ = {isa = PBXFileReference; lastKnownFileType = sourcecode.swift; path = AllCheckinsListControllerTests.swift; sourceTree = "<group>"; };
		E120F9671F41AB5200CE33E0 /* TripCheckinsListControllerTests.swift */ = {isa = PBXFileReference; lastKnownFileType = sourcecode.swift; path = TripCheckinsListControllerTests.swift; sourceTree = "<group>"; };
		E156EC501F39EB89006AF828 /* TripCheckins-Bridging-Header.h */ = {isa = PBXFileReference; lastKnownFileType = sourcecode.c.h; path = "TripCheckins-Bridging-Header.h"; sourceTree = "<group>"; };
		E156EC511F39EB8A006AF828 /* FSOAuth.m */ = {isa = PBXFileReference; fileEncoding = 4; lastKnownFileType = sourcecode.c.objc; name = FSOAuth.m; path = "../../../../../../Downloads/foursquare-ios-oauth-master/FSOAuth.m"; sourceTree = "<group>"; };
		E156EC521F39EB8A006AF828 /* FSOAuth.h */ = {isa = PBXFileReference; fileEncoding = 4; lastKnownFileType = sourcecode.c.h; name = FSOAuth.h; path = "../../../../../../Downloads/foursquare-ios-oauth-master/FSOAuth.h"; sourceTree = "<group>"; };
		E156EC541F39ECA3006AF828 /* FoursquareAuthorizer.swift */ = {isa = PBXFileReference; lastKnownFileType = sourcecode.swift; path = FoursquareAuthorizer.swift; sourceTree = "<group>"; };
		E156EC561F39F486006AF828 /* AppCoordinator.swift */ = {isa = PBXFileReference; lastKnownFileType = sourcecode.swift; path = AppCoordinator.swift; sourceTree = "<group>"; };
		E16ED35E1F39DB0500963177 /* TripCheckins.app */ = {isa = PBXFileReference; explicitFileType = wrapper.application; includeInIndex = 0; path = TripCheckins.app; sourceTree = BUILT_PRODUCTS_DIR; };
		E16ED3611F39DB0500963177 /* AppDelegate.swift */ = {isa = PBXFileReference; lastKnownFileType = sourcecode.swift; path = AppDelegate.swift; sourceTree = "<group>"; };
		E16ED3631F39DB0500963177 /* FoursquareAuthorizationViewController.swift */ = {isa = PBXFileReference; lastKnownFileType = sourcecode.swift; path = FoursquareAuthorizationViewController.swift; sourceTree = "<group>"; };
		E16ED3681F39DB0500963177 /* Assets.xcassets */ = {isa = PBXFileReference; lastKnownFileType = folder.assetcatalog; path = Assets.xcassets; sourceTree = "<group>"; };
		E16ED36B1F39DB0500963177 /* Base */ = {isa = PBXFileReference; lastKnownFileType = file.storyboard; name = Base; path = Base.lproj/LaunchScreen.storyboard; sourceTree = "<group>"; };
		E16ED36D1F39DB0600963177 /* Info.plist */ = {isa = PBXFileReference; lastKnownFileType = text.plist.xml; path = Info.plist; sourceTree = "<group>"; };
		E16ED3721F39DB0600963177 /* TripCheckinsTests.xctest */ = {isa = PBXFileReference; explicitFileType = wrapper.cfbundle; includeInIndex = 0; path = TripCheckinsTests.xctest; sourceTree = BUILT_PRODUCTS_DIR; };
		E16ED3761F39DB0600963177 /* FoursquareCheckinItemParserTests.swift */ = {isa = PBXFileReference; lastKnownFileType = sourcecode.swift; path = FoursquareCheckinItemParserTests.swift; sourceTree = "<group>"; };
		E16ED3781F39DB0600963177 /* Info.plist */ = {isa = PBXFileReference; lastKnownFileType = text.plist.xml; path = Info.plist; sourceTree = "<group>"; };
		E16ED37D1F39DB0600963177 /* TripCheckinsUITests.xctest */ = {isa = PBXFileReference; explicitFileType = wrapper.cfbundle; includeInIndex = 0; path = TripCheckinsUITests.xctest; sourceTree = BUILT_PRODUCTS_DIR; };
		E16ED3831F39DB0600963177 /* Info.plist */ = {isa = PBXFileReference; lastKnownFileType = text.plist.xml; path = Info.plist; sourceTree = "<group>"; };
		E1D528F01F39FF87000D52C1 /* FoursquareCheckinFetcher.swift */ = {isa = PBXFileReference; lastKnownFileType = sourcecode.swift; path = FoursquareCheckinFetcher.swift; sourceTree = "<group>"; };
		E1D528F21F3A04B1000D52C1 /* AuthorizationTokenKeeper.swift */ = {isa = PBXFileReference; lastKnownFileType = sourcecode.swift; path = AuthorizationTokenKeeper.swift; sourceTree = "<group>"; };
		E1D528F41F3A0651000D52C1 /* UserDefaults+AuthorizationTokenKeeper.swift */ = {isa = PBXFileReference; lastKnownFileType = sourcecode.swift; path = "UserDefaults+AuthorizationTokenKeeper.swift"; sourceTree = "<group>"; };
		E1D528F91F3AF599000D52C1 /* CheckinListViewController.swift */ = {isa = PBXFileReference; lastKnownFileType = sourcecode.swift; path = CheckinListViewController.swift; sourceTree = "<group>"; };
		E1D528FB1F3AF684000D52C1 /* FoursquareCheckinService.swift */ = {isa = PBXFileReference; lastKnownFileType = sourcecode.swift; path = FoursquareCheckinService.swift; sourceTree = "<group>"; };
		E1D528FD1F3AFDF1000D52C1 /* CheckinTableViewCell.swift */ = {isa = PBXFileReference; lastKnownFileType = sourcecode.swift; path = CheckinTableViewCell.swift; sourceTree = "<group>"; };
		E1D528FF1F3B023A000D52C1 /* CompactCheckinTableViewCell.xib */ = {isa = PBXFileReference; lastKnownFileType = file.xib; path = CompactCheckinTableViewCell.xib; sourceTree = "<group>"; };
		E1D529011F3B81DF000D52C1 /* FoursquareCheckinItemParser.swift */ = {isa = PBXFileReference; lastKnownFileType = sourcecode.swift; path = FoursquareCheckinItemParser.swift; sourceTree = "<group>"; };
		E1D529031F3B96D8000D52C1 /* FoursquareCheckinServiceTests.swift */ = {isa = PBXFileReference; lastKnownFileType = sourcecode.swift; path = FoursquareCheckinServiceTests.swift; sourceTree = "<group>"; };
		E1D529061F3BAA7C000D52C1 /* CheckinListItemViewModel.swift */ = {isa = PBXFileReference; lastKnownFileType = sourcecode.swift; path = CheckinListItemViewModel.swift; sourceTree = "<group>"; };
		E1D529081F3BB28E000D52C1 /* FoursquareEndpointConstructorTests.swift */ = {isa = PBXFileReference; lastKnownFileType = sourcecode.swift; path = FoursquareEndpointConstructorTests.swift; sourceTree = "<group>"; };
		E1D5290A1F3BBA74000D52C1 /* CheckinListViewModel.swift */ = {isa = PBXFileReference; lastKnownFileType = sourcecode.swift; path = CheckinListViewModel.swift; sourceTree = "<group>"; };
/* End PBXFileReference section */

/* Begin PBXFrameworksBuildPhase section */
		E16ED35B1F39DB0500963177 /* Frameworks */ = {
			isa = PBXFrameworksBuildPhase;
			buildActionMask = 2147483647;
			files = (
			);
			runOnlyForDeploymentPostprocessing = 0;
		};
		E16ED36F1F39DB0600963177 /* Frameworks */ = {
			isa = PBXFrameworksBuildPhase;
			buildActionMask = 2147483647;
			files = (
			);
			runOnlyForDeploymentPostprocessing = 0;
		};
		E16ED37A1F39DB0600963177 /* Frameworks */ = {
			isa = PBXFrameworksBuildPhase;
			buildActionMask = 2147483647;
			files = (
			);
			runOnlyForDeploymentPostprocessing = 0;
		};
/* End PBXFrameworksBuildPhase section */

/* Begin PBXGroup section */
		E10774491F3E003F0047863A /* Checkin Service */ = {
			isa = PBXGroup;
			children = (
				E10774F81F40CF350047863A /* CheckinItem.swift */,
				E107744A1F3E00710047863A /* CheckinService.swift */,
				E107744C1F3E00DC0047863A /* Foursquare */,
			);
			path = "Checkin Service";
			sourceTree = "<group>";
		};
		E107744C1F3E00DC0047863A /* Foursquare */ = {
			isa = PBXGroup;
			children = (
				E1D528FB1F3AF684000D52C1 /* FoursquareCheckinService.swift */,
				E1D528F01F39FF87000D52C1 /* FoursquareCheckinFetcher.swift */,
				E1D529011F3B81DF000D52C1 /* FoursquareCheckinItemParser.swift */,
			);
			path = Foursquare;
			sourceTree = "<group>";
		};
		E107744D1F3E01060047863A /* List Controllers */ = {
			isa = PBXGroup;
			children = (
				E10774401F3DE9440047863A /* CheckinListController.swift */,
				E107743E1F3DE70F0047863A /* AllCheckinsListController.swift */,
				E10774471F3DF9A10047863A /* TripCheckinsListController.swift */,
			);
			path = "List Controllers";
			sourceTree = "<group>";
		};
		E10774F71F40CF1B0047863A /* Trip Service */ = {
			isa = PBXGroup;
			children = (
				E10774FA1F40CF7F0047863A /* Trip.swift */,
				E107744E1F3E04930047863A /* TripService.swift */,
				E10774FC1F40CFF70047863A /* PredefinedTripService.swift */,
			);
			path = "Trip Service";
			sourceTree = "<group>";
		};
		E156EC4F1F39EB6B006AF828 /* FSOAuth */ = {
			isa = PBXGroup;
			children = (
				E156EC521F39EB8A006AF828 /* FSOAuth.h */,
				E156EC511F39EB8A006AF828 /* FSOAuth.m */,
				E156EC501F39EB89006AF828 /* TripCheckins-Bridging-Header.h */,
			);
			path = FSOAuth;
			sourceTree = "<group>";
		};
		E16ED3551F39DB0500963177 = {
			isa = PBXGroup;
			children = (
				E16ED3601F39DB0500963177 /* TripCheckins */,
				E16ED3751F39DB0600963177 /* TripCheckinsTests */,
				E16ED3801F39DB0600963177 /* TripCheckinsUITests */,
				E16ED35F1F39DB0500963177 /* Products */,
			);
			sourceTree = "<group>";
		};
		E16ED35F1F39DB0500963177 /* Products */ = {
			isa = PBXGroup;
			children = (
				E16ED35E1F39DB0500963177 /* TripCheckins.app */,
				E16ED3721F39DB0600963177 /* TripCheckinsTests.xctest */,
				E16ED37D1F39DB0600963177 /* TripCheckinsUITests.xctest */,
			);
			name = Products;
			sourceTree = "<group>";
		};
		E16ED3601F39DB0500963177 /* TripCheckins */ = {
			isa = PBXGroup;
			children = (
				E16ED3611F39DB0500963177 /* AppDelegate.swift */,
				E156EC561F39F486006AF828 /* AppCoordinator.swift */,
				E1D528F81F3AF414000D52C1 /* Authorization */,
				E1D529051F3BA10D000D52C1 /* Checkin List */,
				E16ED3681F39DB0500963177 /* Assets.xcassets */,
				E16ED36A1F39DB0500963177 /* LaunchScreen.storyboard */,
				E16ED36D1F39DB0600963177 /* Info.plist */,
				E156EC4F1F39EB6B006AF828 /* FSOAuth */,
			);
			path = TripCheckins;
			sourceTree = "<group>";
		};
		E16ED3751F39DB0600963177 /* TripCheckinsTests */ = {
			isa = PBXGroup;
			children = (
				E16ED3761F39DB0600963177 /* FoursquareCheckinItemParserTests.swift */,
				E1D529031F3B96D8000D52C1 /* FoursquareCheckinServiceTests.swift */,
				E1D529081F3BB28E000D52C1 /* FoursquareEndpointConstructorTests.swift */,
				E10775021F419DA30047863A /* AllCheckinsListControllerTests.swift */,
				E120F9671F41AB5200CE33E0 /* TripCheckinsListControllerTests.swift */,
				E16ED3781F39DB0600963177 /* Info.plist */,
			);
			path = TripCheckinsTests;
			sourceTree = "<group>";
		};
		E16ED3801F39DB0600963177 /* TripCheckinsUITests */ = {
			isa = PBXGroup;
			children = (
				E16ED3831F39DB0600963177 /* Info.plist */,
			);
			path = TripCheckinsUITests;
			sourceTree = "<group>";
		};
		E1D528F81F3AF414000D52C1 /* Authorization */ = {
			isa = PBXGroup;
			children = (
				E1D528F21F3A04B1000D52C1 /* AuthorizationTokenKeeper.swift */,
				E1D528F41F3A0651000D52C1 /* UserDefaults+AuthorizationTokenKeeper.swift */,
				E16ED3631F39DB0500963177 /* FoursquareAuthorizationViewController.swift */,
				E156EC541F39ECA3006AF828 /* FoursquareAuthorizer.swift */,
			);
			path = Authorization;
			sourceTree = "<group>";
		};
		E1D529051F3BA10D000D52C1 /* Checkin List */ = {
			isa = PBXGroup;
			children = (
				E10774F71F40CF1B0047863A /* Trip Service */,
				E107744D1F3E01060047863A /* List Controllers */,
				E10774491F3E003F0047863A /* Checkin Service */,
				E1D528F91F3AF599000D52C1 /* CheckinListViewController.swift */,
				E1D5290A1F3BBA74000D52C1 /* CheckinListViewModel.swift */,
				E1D529061F3BAA7C000D52C1 /* CheckinListItemViewModel.swift */,
				E1D528FF1F3B023A000D52C1 /* CompactCheckinTableViewCell.xib */,
				E1D528FD1F3AFDF1000D52C1 /* CheckinTableViewCell.swift */,
			);
			path = "Checkin List";
			sourceTree = "<group>";
		};
/* End PBXGroup section */

/* Begin PBXNativeTarget section */
		E16ED35D1F39DB0500963177 /* TripCheckins */ = {
			isa = PBXNativeTarget;
			buildConfigurationList = E16ED3861F39DB0600963177 /* Build configuration list for PBXNativeTarget "TripCheckins" */;
			buildPhases = (
				E16ED35A1F39DB0500963177 /* Sources */,
				E16ED35B1F39DB0500963177 /* Frameworks */,
				E16ED35C1F39DB0500963177 /* Resources */,
			);
			buildRules = (
			);
			dependencies = (
			);
			name = TripCheckins;
			productName = TripCheckins;
			productReference = E16ED35E1F39DB0500963177 /* TripCheckins.app */;
			productType = "com.apple.product-type.application";
		};
		E16ED3711F39DB0600963177 /* TripCheckinsTests */ = {
			isa = PBXNativeTarget;
			buildConfigurationList = E16ED3891F39DB0600963177 /* Build configuration list for PBXNativeTarget "TripCheckinsTests" */;
			buildPhases = (
				E16ED36E1F39DB0600963177 /* Sources */,
				E16ED36F1F39DB0600963177 /* Frameworks */,
				E16ED3701F39DB0600963177 /* Resources */,
			);
			buildRules = (
			);
			dependencies = (
				E16ED3741F39DB0600963177 /* PBXTargetDependency */,
			);
			name = TripCheckinsTests;
			productName = TripCheckinsTests;
			productReference = E16ED3721F39DB0600963177 /* TripCheckinsTests.xctest */;
			productType = "com.apple.product-type.bundle.unit-test";
		};
		E16ED37C1F39DB0600963177 /* TripCheckinsUITests */ = {
			isa = PBXNativeTarget;
			buildConfigurationList = E16ED38C1F39DB0600963177 /* Build configuration list for PBXNativeTarget "TripCheckinsUITests" */;
			buildPhases = (
				E16ED3791F39DB0600963177 /* Sources */,
				E16ED37A1F39DB0600963177 /* Frameworks */,
				E16ED37B1F39DB0600963177 /* Resources */,
			);
			buildRules = (
			);
			dependencies = (
				E16ED37F1F39DB0600963177 /* PBXTargetDependency */,
			);
			name = TripCheckinsUITests;
			productName = TripCheckinsUITests;
			productReference = E16ED37D1F39DB0600963177 /* TripCheckinsUITests.xctest */;
			productType = "com.apple.product-type.bundle.ui-testing";
		};
/* End PBXNativeTarget section */

/* Begin PBXProject section */
		E16ED3561F39DB0500963177 /* Project object */ = {
			isa = PBXProject;
			attributes = {
				LastSwiftUpdateCheck = 0900;
				LastUpgradeCheck = 0900;
				ORGANIZATIONNAME = "Nataliya Patsovska";
				TargetAttributes = {
					E16ED35D1F39DB0500963177 = {
						CreatedOnToolsVersion = 9.0;
						LastSwiftMigration = 0900;
					};
					E16ED3711F39DB0600963177 = {
						CreatedOnToolsVersion = 9.0;
						TestTargetID = E16ED35D1F39DB0500963177;
					};
					E16ED37C1F39DB0600963177 = {
						CreatedOnToolsVersion = 9.0;
						TestTargetID = E16ED35D1F39DB0500963177;
					};
				};
			};
			buildConfigurationList = E16ED3591F39DB0500963177 /* Build configuration list for PBXProject "TripCheckins" */;
			compatibilityVersion = "Xcode 8.0";
			developmentRegion = en;
			hasScannedForEncodings = 0;
			knownRegions = (
				en,
				Base,
			);
			mainGroup = E16ED3551F39DB0500963177;
			productRefGroup = E16ED35F1F39DB0500963177 /* Products */;
			projectDirPath = "";
			projectRoot = "";
			targets = (
				E16ED35D1F39DB0500963177 /* TripCheckins */,
				E16ED3711F39DB0600963177 /* TripCheckinsTests */,
				E16ED37C1F39DB0600963177 /* TripCheckinsUITests */,
			);
		};
/* End PBXProject section */

/* Begin PBXResourcesBuildPhase section */
		E16ED35C1F39DB0500963177 /* Resources */ = {
			isa = PBXResourcesBuildPhase;
			buildActionMask = 2147483647;
			files = (
				E16ED36C1F39DB0500963177 /* LaunchScreen.storyboard in Resources */,
				E1D529001F3B023A000D52C1 /* CompactCheckinTableViewCell.xib in Resources */,
				E16ED3691F39DB0500963177 /* Assets.xcassets in Resources */,
			);
			runOnlyForDeploymentPostprocessing = 0;
		};
		E16ED3701F39DB0600963177 /* Resources */ = {
			isa = PBXResourcesBuildPhase;
			buildActionMask = 2147483647;
			files = (
			);
			runOnlyForDeploymentPostprocessing = 0;
		};
		E16ED37B1F39DB0600963177 /* Resources */ = {
			isa = PBXResourcesBuildPhase;
			buildActionMask = 2147483647;
			files = (
			);
			runOnlyForDeploymentPostprocessing = 0;
		};
/* End PBXResourcesBuildPhase section */

/* Begin PBXSourcesBuildPhase section */
		E16ED35A1F39DB0500963177 /* Sources */ = {
			isa = PBXSourcesBuildPhase;
			buildActionMask = 2147483647;
			files = (
				E107743F1F3DE70F0047863A /* AllCheckinsListController.swift in Sources */,
				E16ED3641F39DB0500963177 /* FoursquareAuthorizationViewController.swift in Sources */,
				E156EC531F39EB8A006AF828 /* FSOAuth.m in Sources */,
				E107744F1F3E04930047863A /* TripService.swift in Sources */,
				E10774FD1F40CFF70047863A /* PredefinedTripService.swift in Sources */,
				E1D528FC1F3AF684000D52C1 /* FoursquareCheckinService.swift in Sources */,
				E1D528F31F3A04B1000D52C1 /* AuthorizationTokenKeeper.swift in Sources */,
				E1D5290B1F3BBA74000D52C1 /* CheckinListViewModel.swift in Sources */,
				E16ED3621F39DB0500963177 /* AppDelegate.swift in Sources */,
				E1D528F11F39FF87000D52C1 /* FoursquareCheckinFetcher.swift in Sources */,
				E1D529071F3BAA7C000D52C1 /* CheckinListItemViewModel.swift in Sources */,
				E1D528FA1F3AF599000D52C1 /* CheckinListViewController.swift in Sources */,
				E10774481F3DF9A10047863A /* TripCheckinsListController.swift in Sources */,
				E10774FB1F40CF7F0047863A /* Trip.swift in Sources */,
				E10774F91F40CF360047863A /* CheckinItem.swift in Sources */,
				E1D528FE1F3AFDF1000D52C1 /* CheckinTableViewCell.swift in Sources */,
				E10774411F3DE9440047863A /* CheckinListController.swift in Sources */,
				E107744B1F3E00710047863A /* CheckinService.swift in Sources */,
				E156EC571F39F486006AF828 /* AppCoordinator.swift in Sources */,
				E1D528F51F3A0651000D52C1 /* UserDefaults+AuthorizationTokenKeeper.swift in Sources */,
				E156EC551F39ECA3006AF828 /* FoursquareAuthorizer.swift in Sources */,
				E1D529021F3B81E0000D52C1 /* FoursquareCheckinItemParser.swift in Sources */,
			);
			runOnlyForDeploymentPostprocessing = 0;
		};
		E16ED36E1F39DB0600963177 /* Sources */ = {
			isa = PBXSourcesBuildPhase;
			buildActionMask = 2147483647;
			files = (
				E1D529091F3BB28E000D52C1 /* FoursquareEndpointConstructorTests.swift in Sources */,
				E1D529041F3B96D8000D52C1 /* FoursquareCheckinServiceTests.swift in Sources */,
				E120F9681F41AB5200CE33E0 /* TripCheckinsListControllerTests.swift in Sources */,
				E16ED3771F39DB0600963177 /* FoursquareCheckinItemParserTests.swift in Sources */,
				E10775031F419DA30047863A /* AllCheckinsListControllerTests.swift in Sources */,
			);
			runOnlyForDeploymentPostprocessing = 0;
		};
		E16ED3791F39DB0600963177 /* Sources */ = {
			isa = PBXSourcesBuildPhase;
			buildActionMask = 2147483647;
			files = (
			);
			runOnlyForDeploymentPostprocessing = 0;
		};
/* End PBXSourcesBuildPhase section */

/* Begin PBXTargetDependency section */
		E16ED3741F39DB0600963177 /* PBXTargetDependency */ = {
			isa = PBXTargetDependency;
			target = E16ED35D1F39DB0500963177 /* TripCheckins */;
			targetProxy = E16ED3731F39DB0600963177 /* PBXContainerItemProxy */;
		};
		E16ED37F1F39DB0600963177 /* PBXTargetDependency */ = {
			isa = PBXTargetDependency;
			target = E16ED35D1F39DB0500963177 /* TripCheckins */;
			targetProxy = E16ED37E1F39DB0600963177 /* PBXContainerItemProxy */;
		};
/* End PBXTargetDependency section */

/* Begin PBXVariantGroup section */
		E16ED36A1F39DB0500963177 /* LaunchScreen.storyboard */ = {
			isa = PBXVariantGroup;
			children = (
				E16ED36B1F39DB0500963177 /* Base */,
			);
			name = LaunchScreen.storyboard;
			sourceTree = "<group>";
		};
/* End PBXVariantGroup section */

/* Begin XCBuildConfiguration section */
		E16ED3841F39DB0600963177 /* Debug */ = {
			isa = XCBuildConfiguration;
			buildSettings = {
				ALWAYS_SEARCH_USER_PATHS = NO;
				CLANG_ANALYZER_NONNULL = YES;
				CLANG_ANALYZER_NUMBER_OBJECT_CONVERSION = YES_AGGRESSIVE;
				CLANG_CXX_LANGUAGE_STANDARD = "gnu++14";
				CLANG_CXX_LIBRARY = "libc++";
				CLANG_ENABLE_MODULES = YES;
				CLANG_ENABLE_OBJC_ARC = YES;
				CLANG_WARN_BLOCK_CAPTURE_AUTORELEASING = YES;
				CLANG_WARN_BOOL_CONVERSION = YES;
				CLANG_WARN_COMMA = YES;
				CLANG_WARN_CONSTANT_CONVERSION = YES;
				CLANG_WARN_DIRECT_OBJC_ISA_USAGE = YES_ERROR;
				CLANG_WARN_DOCUMENTATION_COMMENTS = YES;
				CLANG_WARN_EMPTY_BODY = YES;
				CLANG_WARN_ENUM_CONVERSION = YES;
				CLANG_WARN_INFINITE_RECURSION = YES;
				CLANG_WARN_INT_CONVERSION = YES;
				CLANG_WARN_NON_LITERAL_NULL_CONVERSION = YES;
				CLANG_WARN_OBJC_LITERAL_CONVERSION = YES;
				CLANG_WARN_OBJC_ROOT_CLASS = YES_ERROR;
				CLANG_WARN_RANGE_LOOP_ANALYSIS = YES;
				CLANG_WARN_STRICT_PROTOTYPES = YES;
				CLANG_WARN_SUSPICIOUS_MOVE = YES;
				CLANG_WARN_UNGUARDED_AVAILABILITY = YES_AGGRESSIVE;
				CLANG_WARN_UNREACHABLE_CODE = YES;
				CLANG_WARN__DUPLICATE_METHOD_MATCH = YES;
				CODE_SIGN_IDENTITY = "iPhone Developer";
				COPY_PHASE_STRIP = NO;
				DEBUG_INFORMATION_FORMAT = dwarf;
				ENABLE_STRICT_OBJC_MSGSEND = YES;
				ENABLE_TESTABILITY = YES;
				GCC_C_LANGUAGE_STANDARD = gnu11;
				GCC_DYNAMIC_NO_PIC = NO;
				GCC_NO_COMMON_BLOCKS = YES;
				GCC_OPTIMIZATION_LEVEL = 0;
				GCC_PREPROCESSOR_DEFINITIONS = (
					"DEBUG=1",
					"$(inherited)",
				);
				GCC_WARN_64_TO_32_BIT_CONVERSION = YES;
				GCC_WARN_ABOUT_RETURN_TYPE = YES_ERROR;
				GCC_WARN_UNDECLARED_SELECTOR = YES;
				GCC_WARN_UNINITIALIZED_AUTOS = YES_AGGRESSIVE;
				GCC_WARN_UNUSED_FUNCTION = YES;
				GCC_WARN_UNUSED_VARIABLE = YES;
				IPHONEOS_DEPLOYMENT_TARGET = 11.0;
				MTL_ENABLE_DEBUG_INFO = YES;
				ONLY_ACTIVE_ARCH = YES;
				SDKROOT = iphoneos;
				SWIFT_ACTIVE_COMPILATION_CONDITIONS = DEBUG;
				SWIFT_OPTIMIZATION_LEVEL = "-Onone";
			};
			name = Debug;
		};
		E16ED3851F39DB0600963177 /* Release */ = {
			isa = XCBuildConfiguration;
			buildSettings = {
				ALWAYS_SEARCH_USER_PATHS = NO;
				CLANG_ANALYZER_NONNULL = YES;
				CLANG_ANALYZER_NUMBER_OBJECT_CONVERSION = YES_AGGRESSIVE;
				CLANG_CXX_LANGUAGE_STANDARD = "gnu++14";
				CLANG_CXX_LIBRARY = "libc++";
				CLANG_ENABLE_MODULES = YES;
				CLANG_ENABLE_OBJC_ARC = YES;
				CLANG_WARN_BLOCK_CAPTURE_AUTORELEASING = YES;
				CLANG_WARN_BOOL_CONVERSION = YES;
				CLANG_WARN_COMMA = YES;
				CLANG_WARN_CONSTANT_CONVERSION = YES;
				CLANG_WARN_DIRECT_OBJC_ISA_USAGE = YES_ERROR;
				CLANG_WARN_DOCUMENTATION_COMMENTS = YES;
				CLANG_WARN_EMPTY_BODY = YES;
				CLANG_WARN_ENUM_CONVERSION = YES;
				CLANG_WARN_INFINITE_RECURSION = YES;
				CLANG_WARN_INT_CONVERSION = YES;
				CLANG_WARN_NON_LITERAL_NULL_CONVERSION = YES;
				CLANG_WARN_OBJC_LITERAL_CONVERSION = YES;
				CLANG_WARN_OBJC_ROOT_CLASS = YES_ERROR;
				CLANG_WARN_RANGE_LOOP_ANALYSIS = YES;
				CLANG_WARN_STRICT_PROTOTYPES = YES;
				CLANG_WARN_SUSPICIOUS_MOVE = YES;
				CLANG_WARN_UNGUARDED_AVAILABILITY = YES_AGGRESSIVE;
				CLANG_WARN_UNREACHABLE_CODE = YES;
				CLANG_WARN__DUPLICATE_METHOD_MATCH = YES;
				CODE_SIGN_IDENTITY = "iPhone Developer";
				COPY_PHASE_STRIP = NO;
				DEBUG_INFORMATION_FORMAT = "dwarf-with-dsym";
				ENABLE_NS_ASSERTIONS = NO;
				ENABLE_STRICT_OBJC_MSGSEND = YES;
				GCC_C_LANGUAGE_STANDARD = gnu11;
				GCC_NO_COMMON_BLOCKS = YES;
				GCC_WARN_64_TO_32_BIT_CONVERSION = YES;
				GCC_WARN_ABOUT_RETURN_TYPE = YES_ERROR;
				GCC_WARN_UNDECLARED_SELECTOR = YES;
				GCC_WARN_UNINITIALIZED_AUTOS = YES_AGGRESSIVE;
				GCC_WARN_UNUSED_FUNCTION = YES;
				GCC_WARN_UNUSED_VARIABLE = YES;
				IPHONEOS_DEPLOYMENT_TARGET = 11.0;
				MTL_ENABLE_DEBUG_INFO = NO;
				SDKROOT = iphoneos;
				SWIFT_OPTIMIZATION_LEVEL = "-Owholemodule";
				VALIDATE_PRODUCT = YES;
			};
			name = Release;
		};
		E16ED3871F39DB0600963177 /* Debug */ = {
			isa = XCBuildConfiguration;
			buildSettings = {
				ASSETCATALOG_COMPILER_APPICON_NAME = AppIcon;
				CLANG_ENABLE_MODULES = YES;
				DEVELOPMENT_TEAM = D3U89ZTCSN;
				INFOPLIST_FILE = TripCheckins/Info.plist;
				LD_RUNPATH_SEARCH_PATHS = "$(inherited) @executable_path/Frameworks";
				PRODUCT_BUNDLE_IDENTIFIER = "com.nataliya-bg.TripCheckins";
				PRODUCT_NAME = "$(TARGET_NAME)";
				SWIFT_OBJC_BRIDGING_HEADER = "TripCheckins/FSOAuth/TripCheckins-Bridging-Header.h";
				SWIFT_OPTIMIZATION_LEVEL = "-Onone";
				SWIFT_VERSION = 4.0;
				TARGETED_DEVICE_FAMILY = "1,2";
			};
			name = Debug;
		};
		E16ED3881F39DB0600963177 /* Release */ = {
			isa = XCBuildConfiguration;
			buildSettings = {
				ASSETCATALOG_COMPILER_APPICON_NAME = AppIcon;
				CLANG_ENABLE_MODULES = YES;
				DEVELOPMENT_TEAM = D3U89ZTCSN;
				INFOPLIST_FILE = TripCheckins/Info.plist;
				LD_RUNPATH_SEARCH_PATHS = "$(inherited) @executable_path/Frameworks";
				PRODUCT_BUNDLE_IDENTIFIER = "com.nataliya-bg.TripCheckins";
				PRODUCT_NAME = "$(TARGET_NAME)";
				SWIFT_OBJC_BRIDGING_HEADER = "TripCheckins/FSOAuth/TripCheckins-Bridging-Header.h";
				SWIFT_VERSION = 4.0;
				TARGETED_DEVICE_FAMILY = "1,2";
			};
			name = Release;
		};
		E16ED38A1F39DB0600963177 /* Debug */ = {
			isa = XCBuildConfiguration;
			buildSettings = {
				ALWAYS_EMBED_SWIFT_STANDARD_LIBRARIES = YES;
				BUNDLE_LOADER = "$(TEST_HOST)";
				INFOPLIST_FILE = TripCheckinsTests/Info.plist;
				LD_RUNPATH_SEARCH_PATHS = "$(inherited) @executable_path/Frameworks @loader_path/Frameworks";
				PRODUCT_BUNDLE_IDENTIFIER = "com.nataliya-bg.TripCheckinsTests";
				PRODUCT_NAME = "$(TARGET_NAME)";
				SWIFT_VERSION = 4.0;
				TARGETED_DEVICE_FAMILY = "1,2";
				TEST_HOST = "$(BUILT_PRODUCTS_DIR)/TripCheckins.app/TripCheckins";
			};
			name = Debug;
		};
		E16ED38B1F39DB0600963177 /* Release */ = {
			isa = XCBuildConfiguration;
			buildSettings = {
				ALWAYS_EMBED_SWIFT_STANDARD_LIBRARIES = YES;
				BUNDLE_LOADER = "$(TEST_HOST)";
				INFOPLIST_FILE = TripCheckinsTests/Info.plist;
				LD_RUNPATH_SEARCH_PATHS = "$(inherited) @executable_path/Frameworks @loader_path/Frameworks";
				PRODUCT_BUNDLE_IDENTIFIER = "com.nataliya-bg.TripCheckinsTests";
				PRODUCT_NAME = "$(TARGET_NAME)";
				SWIFT_VERSION = 4.0;
				TARGETED_DEVICE_FAMILY = "1,2";
				TEST_HOST = "$(BUILT_PRODUCTS_DIR)/TripCheckins.app/TripCheckins";
			};
			name = Release;
		};
		E16ED38D1F39DB0600963177 /* Debug */ = {
			isa = XCBuildConfiguration;
			buildSettings = {
				ALWAYS_EMBED_SWIFT_STANDARD_LIBRARIES = YES;
				INFOPLIST_FILE = TripCheckinsUITests/Info.plist;
				LD_RUNPATH_SEARCH_PATHS = "$(inherited) @executable_path/Frameworks @loader_path/Frameworks";
				PRODUCT_BUNDLE_IDENTIFIER = "com.nataliya-bg.TripCheckinsUITests";
				PRODUCT_NAME = "$(TARGET_NAME)";
				SWIFT_VERSION = 4.0;
				TARGETED_DEVICE_FAMILY = "1,2";
				TEST_TARGET_NAME = TripCheckins;
			};
			name = Debug;
		};
		E16ED38E1F39DB0600963177 /* Release */ = {
			isa = XCBuildConfiguration;
			buildSettings = {
				ALWAYS_EMBED_SWIFT_STANDARD_LIBRARIES = YES;
				INFOPLIST_FILE = TripCheckinsUITests/Info.plist;
				LD_RUNPATH_SEARCH_PATHS = "$(inherited) @executable_path/Frameworks @loader_path/Frameworks";
				PRODUCT_BUNDLE_IDENTIFIER = "com.nataliya-bg.TripCheckinsUITests";
				PRODUCT_NAME = "$(TARGET_NAME)";
				SWIFT_VERSION = 4.0;
				TARGETED_DEVICE_FAMILY = "1,2";
				TEST_TARGET_NAME = TripCheckins;
			};
			name = Release;
		};
/* End XCBuildConfiguration section */

/* Begin XCConfigurationList section */
		E16ED3591F39DB0500963177 /* Build configuration list for PBXProject "TripCheckins" */ = {
			isa = XCConfigurationList;
			buildConfigurations = (
				E16ED3841F39DB0600963177 /* Debug */,
				E16ED3851F39DB0600963177 /* Release */,
			);
			defaultConfigurationIsVisible = 0;
			defaultConfigurationName = Release;
		};
		E16ED3861F39DB0600963177 /* Build configuration list for PBXNativeTarget "TripCheckins" */ = {
			isa = XCConfigurationList;
			buildConfigurations = (
				E16ED3871F39DB0600963177 /* Debug */,
				E16ED3881F39DB0600963177 /* Release */,
			);
			defaultConfigurationIsVisible = 0;
			defaultConfigurationName = Release;
		};
		E16ED3891F39DB0600963177 /* Build configuration list for PBXNativeTarget "TripCheckinsTests" */ = {
			isa = XCConfigurationList;
			buildConfigurations = (
				E16ED38A1F39DB0600963177 /* Debug */,
				E16ED38B1F39DB0600963177 /* Release */,
			);
			defaultConfigurationIsVisible = 0;
			defaultConfigurationName = Release;
		};
		E16ED38C1F39DB0600963177 /* Build configuration list for PBXNativeTarget "TripCheckinsUITests" */ = {
			isa = XCConfigurationList;
			buildConfigurations = (
				E16ED38D1F39DB0600963177 /* Debug */,
				E16ED38E1F39DB0600963177 /* Release */,
			);
			defaultConfigurationIsVisible = 0;
			defaultConfigurationName = Release;
		};
/* End XCConfigurationList section */
	};
	rootObject = E16ED3561F39DB0500963177 /* Project object */;
}
